
Microsoft Visual Studio Solution File, Format Version 12.00
# Visual Studio Version 16
VisualStudioVersion = 16.0.31410.357
MinimumVisualStudioVersion = 10.0.40219.1
Project("{FAE04EC0-301F-11D3-BF4B-00C04F79EFBC}") = "MinhaCalculadoraDeSignos", "MinhaCalculadoraDeSignos.csproj", "{A98AEEE0-47A8-4C80-A6C6-0061C6732B55}"
EndProject
Global
	GlobalSection(SolutionConfigurationPlatforms) = preSolution
		Debug|Any CPU = Debug|Any CPU
		Release|Any CPU = Release|Any CPU
	EndGlobalSection
	GlobalSection(ProjectConfigurationPlatforms) = postSolution
		{A98AEEE0-47A8-4C80-A6C6-0061C6732B55}.Debug|Any CPU.ActiveCfg = Debug|Any CPU
		{A98AEEE0-47A8-4C80-A6C6-0061C6732B55}.Debug|Any CPU.Build.0 = Debug|Any CPU
		{A98AEEE0-47A8-4C80-A6C6-0061C6732B55}.Release|Any CPU.ActiveCfg = Release|Any CPU
		{A98AEEE0-47A8-4C80-A6C6-0061C6732B55}.Release|Any CPU.Build.0 = Release|Any CPU
	EndGlobalSection
	GlobalSection(SolutionProperties) = preSolution
		HideSolutionNode = FALSE
	EndGlobalSection
	GlobalSection(ExtensibilityGlobals) = postSolution
		SolutionGuid = {E692DC18-710C-4C93-B8F5-175949946854}
	EndGlobalSection
EndGlobal
